// !$*UTF8*$!
{
	archiveVersion = 1;
	classes = {
	};
	objectVersion = 50;
	objects = {

/* Begin PBXBuildFile section */
		88B7523625FEC2AE00D35A7A /* AppDelegate.swift in Sources */ = {isa = PBXBuildFile; fileRef = 88B7523525FEC2AD00D35A7A /* AppDelegate.swift */; };
		88B7523825FEC2AE00D35A7A /* SceneDelegate.swift in Sources */ = {isa = PBXBuildFile; fileRef = 88B7523725FEC2AE00D35A7A /* SceneDelegate.swift */; };
		88B7523A25FEC2AE00D35A7A /* ViewController.swift in Sources */ = {isa = PBXBuildFile; fileRef = 88B7523925FEC2AE00D35A7A /* ViewController.swift */; };
		88B7523D25FEC2AE00D35A7A /* Main.storyboard in Resources */ = {isa = PBXBuildFile; fileRef = 88B7523B25FEC2AE00D35A7A /* Main.storyboard */; };
		88B7523F25FEC2AF00D35A7A /* Assets.xcassets in Resources */ = {isa = PBXBuildFile; fileRef = 88B7523E25FEC2AF00D35A7A /* Assets.xcassets */; };
		88B7524225FEC2AF00D35A7A /* LaunchScreen.storyboard in Resources */ = {isa = PBXBuildFile; fileRef = 88B7524025FEC2AF00D35A7A /* LaunchScreen.storyboard */; };
		88B7524B25FFAD6800D35A7A /* Constants.swift in Sources */ = {isa = PBXBuildFile; fileRef = 88B7524A25FFAD6800D35A7A /* Constants.swift */; };
		88B7524E25FFB01600D35A7A /* Video.swift in Sources */ = {isa = PBXBuildFile; fileRef = 88B7524D25FFB01600D35A7A /* Video.swift */; };
		88B7525125FFB09A00D35A7A /* VideoModel.swift in Sources */ = {isa = PBXBuildFile; fileRef = 88B7525025FFB09A00D35A7A /* VideoModel.swift */; };
		88B7525425FFD36300D35A7A /* ConstantsTemplate.swift in Sources */ = {isa = PBXBuildFile; fileRef = 88B7525325FFD36300D35A7A /* ConstantsTemplate.swift */; };
		88B7525925FFDFAB00D35A7A /* VideoApiResponse.swift in Sources */ = {isa = PBXBuildFile; fileRef = 88B7525825FFDFAB00D35A7A /* VideoApiResponse.swift */; };
		88B7525D25FFEEDF00D35A7A /* VideoTableViewCell.swift in Sources */ = {isa = PBXBuildFile; fileRef = 88B7525C25FFEEDF00D35A7A /* VideoTableViewCell.swift */; };
		88B752682600538000D35A7A /* DetailViewController.swift in Sources */ = {isa = PBXBuildFile; fileRef = 88B752672600538000D35A7A /* DetailViewController.swift */; };
		88B7526B260059C600D35A7A /* DateTimeUtil.swift in Sources */ = {isa = PBXBuildFile; fileRef = 88B7526A260059C600D35A7A /* DateTimeUtil.swift */; };
		88B7527026005FB100D35A7A /* WebKit.framework in Frameworks */ = {isa = PBXBuildFile; fileRef = 88B7526F26005FB100D35A7A /* WebKit.framework */; };
		88B75275260107B900D35A7A /* DataModel.xcdatamodeld in Sources */ = {isa = PBXBuildFile; fileRef = 88B75273260107B900D35A7A /* DataModel.xcdatamodeld */; };
		88B7529E2601118000D35A7A /* ThumbnailCache+CoreDataClass.swift in Sources */ = {isa = PBXBuildFile; fileRef = 88B7529C2601118000D35A7A /* ThumbnailCache+CoreDataClass.swift */; };
		88B7529F2601118000D35A7A /* ThumbnailCache+CoreDataProperties.swift in Sources */ = {isa = PBXBuildFile; fileRef = 88B7529D2601118000D35A7A /* ThumbnailCache+CoreDataProperties.swift */; };
		88B752A526011E9E00D35A7A /* ThumbnailCacheController.swift in Sources */ = {isa = PBXBuildFile; fileRef = 88B752A426011E9E00D35A7A /* ThumbnailCacheController.swift */; };
/* End PBXBuildFile section */

/* Begin PBXFileReference section */
		88B7523225FEC2AD00D35A7A /* UTubeVue.app */ = {isa = PBXFileReference; explicitFileType = wrapper.application; includeInIndex = 0; path = UTubeVue.app; sourceTree = BUILT_PRODUCTS_DIR; };
		88B7523525FEC2AD00D35A7A /* AppDelegate.swift */ = {isa = PBXFileReference; lastKnownFileType = sourcecode.swift; path = AppDelegate.swift; sourceTree = "<group>"; };
		88B7523725FEC2AE00D35A7A /* SceneDelegate.swift */ = {isa = PBXFileReference; lastKnownFileType = sourcecode.swift; path = SceneDelegate.swift; sourceTree = "<group>"; };
		88B7523925FEC2AE00D35A7A /* ViewController.swift */ = {isa = PBXFileReference; lastKnownFileType = sourcecode.swift; path = ViewController.swift; sourceTree = "<group>"; };
		88B7523C25FEC2AE00D35A7A /* Base */ = {isa = PBXFileReference; lastKnownFileType = file.storyboard; name = Base; path = Base.lproj/Main.storyboard; sourceTree = "<group>"; };
		88B7523E25FEC2AF00D35A7A /* Assets.xcassets */ = {isa = PBXFileReference; lastKnownFileType = folder.assetcatalog; path = Assets.xcassets; sourceTree = "<group>"; };
		88B7524125FEC2AF00D35A7A /* Base */ = {isa = PBXFileReference; lastKnownFileType = file.storyboard; name = Base; path = Base.lproj/LaunchScreen.storyboard; sourceTree = "<group>"; };
		88B7524325FEC2AF00D35A7A /* Info.plist */ = {isa = PBXFileReference; lastKnownFileType = text.plist.xml; path = Info.plist; sourceTree = "<group>"; };
		88B7524A25FFAD6800D35A7A /* Constants.swift */ = {isa = PBXFileReference; lastKnownFileType = sourcecode.swift; path = Constants.swift; sourceTree = "<group>"; };
		88B7524D25FFB01600D35A7A /* Video.swift */ = {isa = PBXFileReference; lastKnownFileType = sourcecode.swift; path = Video.swift; sourceTree = "<group>"; };
		88B7525025FFB09A00D35A7A /* VideoModel.swift */ = {isa = PBXFileReference; lastKnownFileType = sourcecode.swift; path = VideoModel.swift; sourceTree = "<group>"; };
		88B7525325FFD36300D35A7A /* ConstantsTemplate.swift */ = {isa = PBXFileReference; fileEncoding = 4; lastKnownFileType = sourcecode.swift; path = ConstantsTemplate.swift; sourceTree = "<group>"; };
		88B7525825FFDFAB00D35A7A /* VideoApiResponse.swift */ = {isa = PBXFileReference; lastKnownFileType = sourcecode.swift; path = VideoApiResponse.swift; sourceTree = "<group>"; };
		88B7525C25FFEEDF00D35A7A /* VideoTableViewCell.swift */ = {isa = PBXFileReference; lastKnownFileType = sourcecode.swift; path = VideoTableViewCell.swift; sourceTree = "<group>"; };
		88B752672600538000D35A7A /* DetailViewController.swift */ = {isa = PBXFileReference; lastKnownFileType = sourcecode.swift; path = DetailViewController.swift; sourceTree = "<group>"; };
		88B7526A260059C600D35A7A /* DateTimeUtil.swift */ = {isa = PBXFileReference; lastKnownFileType = sourcecode.swift; path = DateTimeUtil.swift; sourceTree = "<group>"; };
		88B7526F26005FB100D35A7A /* WebKit.framework */ = {isa = PBXFileReference; lastKnownFileType = wrapper.framework; name = WebKit.framework; path = System/Library/Frameworks/WebKit.framework; sourceTree = SDKROOT; };
		88B75274260107B900D35A7A /* DataModel.xcdatamodel */ = {isa = PBXFileReference; lastKnownFileType = wrapper.xcdatamodel; path = DataModel.xcdatamodel; sourceTree = "<group>"; };
		88B7529C2601118000D35A7A /* ThumbnailCache+CoreDataClass.swift */ = {isa = PBXFileReference; lastKnownFileType = sourcecode.swift; path = "ThumbnailCache+CoreDataClass.swift"; sourceTree = SOURCE_ROOT; };
		88B7529D2601118000D35A7A /* ThumbnailCache+CoreDataProperties.swift */ = {isa = PBXFileReference; lastKnownFileType = sourcecode.swift; path = "ThumbnailCache+CoreDataProperties.swift"; sourceTree = SOURCE_ROOT; };
		88B752A426011E9E00D35A7A /* ThumbnailCacheController.swift */ = {isa = PBXFileReference; lastKnownFileType = sourcecode.swift; path = ThumbnailCacheController.swift; sourceTree = "<group>"; };
/* End PBXFileReference section */

/* Begin PBXFrameworksBuildPhase section */
		88B7522F25FEC2AD00D35A7A /* Frameworks */ = {
			isa = PBXFrameworksBuildPhase;
			buildActionMask = 2147483647;
			files = (
				88B7527026005FB100D35A7A /* WebKit.framework in Frameworks */,
			);
			runOnlyForDeploymentPostprocessing = 0;
		};
/* End PBXFrameworksBuildPhase section */

/* Begin PBXGroup section */
		88B7522925FEC2AD00D35A7A = {
			isa = PBXGroup;
			children = (
				88B7523425FEC2AD00D35A7A /* UTubeVue */,
				88B7523325FEC2AD00D35A7A /* Products */,
				88B7526E26005FB100D35A7A /* Frameworks */,
			);
			sourceTree = "<group>";
		};
		88B7523325FEC2AD00D35A7A /* Products */ = {
			isa = PBXGroup;
			children = (
				88B7523225FEC2AD00D35A7A /* UTubeVue.app */,
			);
			name = Products;
			sourceTree = "<group>";
		};
		88B7523425FEC2AD00D35A7A /* UTubeVue */ = {
			isa = PBXGroup;
			children = (
				88B752A326011E6700D35A7A /* Controllers */,
				88B7526225FFEF3A00D35A7A /* View Controllers */,
				88B7526125FFEF2200D35A7A /* Helpers */,
				88B7526025FFEEFC00D35A7A /* Storyboards */,
				88B7525F25FFEEF500D35A7A /* Views */,
				88B7525625FFD5B800D35A7A /* model */,
				88B7523525FEC2AD00D35A7A /* AppDelegate.swift */,
				88B7523725FEC2AE00D35A7A /* SceneDelegate.swift */,
				88B7523E25FEC2AF00D35A7A /* Assets.xcassets */,
				88B7524325FEC2AF00D35A7A /* Info.plist */,
				88B75273260107B900D35A7A /* DataModel.xcdatamodeld */,
			);
			path = UTubeVue;
			sourceTree = "<group>";
		};
		88B7525625FFD5B800D35A7A /* model */ = {
			isa = PBXGroup;
			children = (
				88B7529B2601116C00D35A7A /* Core Data */,
				88B7524D25FFB01600D35A7A /* Video.swift */,
				88B7525025FFB09A00D35A7A /* VideoModel.swift */,
				88B7525825FFDFAB00D35A7A /* VideoApiResponse.swift */,
			);
			path = model;
			sourceTree = "<group>";
		};
		88B7525F25FFEEF500D35A7A /* Views */ = {
			isa = PBXGroup;
			children = (
				88B7525C25FFEEDF00D35A7A /* VideoTableViewCell.swift */,
			);
			path = Views;
			sourceTree = "<group>";
		};
		88B7526025FFEEFC00D35A7A /* Storyboards */ = {
			isa = PBXGroup;
			children = (
				88B7524025FEC2AF00D35A7A /* LaunchScreen.storyboard */,
				88B7523B25FEC2AE00D35A7A /* Main.storyboard */,
			);
			path = Storyboards;
			sourceTree = "<group>";
		};
		88B7526125FFEF2200D35A7A /* Helpers */ = {
			isa = PBXGroup;
			children = (
				88B7524A25FFAD6800D35A7A /* Constants.swift */,
				88B7525325FFD36300D35A7A /* ConstantsTemplate.swift */,
				88B7526A260059C600D35A7A /* DateTimeUtil.swift */,
			);
			path = Helpers;
			sourceTree = "<group>";
		};
		88B7526225FFEF3A00D35A7A /* View Controllers */ = {
			isa = PBXGroup;
			children = (
				88B7523925FEC2AE00D35A7A /* ViewController.swift */,
				88B752672600538000D35A7A /* DetailViewController.swift */,
			);
			path = "View Controllers";
			sourceTree = "<group>";
		};
		88B7526E26005FB100D35A7A /* Frameworks */ = {
			isa = PBXGroup;
			children = (
				88B7526F26005FB100D35A7A /* WebKit.framework */,
			);
			name = Frameworks;
			sourceTree = "<group>";
		};
		88B7529B2601116C00D35A7A /* Core Data */ = {
			isa = PBXGroup;
			children = (
				88B7529C2601118000D35A7A /* ThumbnailCache+CoreDataClass.swift */,
				88B7529D2601118000D35A7A /* ThumbnailCache+CoreDataProperties.swift */,
			);
			path = "Core Data";
			sourceTree = "<group>";
		};
		88B752A326011E6700D35A7A /* Controllers */ = {
			isa = PBXGroup;
			children = (
				88B752A426011E9E00D35A7A /* ThumbnailCacheController.swift */,
			);
			path = Controllers;
			sourceTree = "<group>";
		};
/* End PBXGroup section */

/* Begin PBXNativeTarget section */
		88B7523125FEC2AD00D35A7A /* UTubeVue */ = {
			isa = PBXNativeTarget;
			buildConfigurationList = 88B7524625FEC2AF00D35A7A /* Build configuration list for PBXNativeTarget "UTubeVue" */;
			buildPhases = (
				88B7522E25FEC2AD00D35A7A /* Sources */,
				88B7522F25FEC2AD00D35A7A /* Frameworks */,
				88B7523025FEC2AD00D35A7A /* Resources */,
			);
			buildRules = (
			);
			dependencies = (
			);
			name = UTubeVue;
			productName = UTubeVue;
			productReference = 88B7523225FEC2AD00D35A7A /* UTubeVue.app */;
			productType = "com.apple.product-type.application";
		};
/* End PBXNativeTarget section */

/* Begin PBXProject section */
		88B7522A25FEC2AD00D35A7A /* Project object */ = {
			isa = PBXProject;
			attributes = {
				LastSwiftUpdateCheck = 1240;
				LastUpgradeCheck = 1240;
				TargetAttributes = {
					88B7523125FEC2AD00D35A7A = {
						CreatedOnToolsVersion = 12.4;
					};
				};
			};
			buildConfigurationList = 88B7522D25FEC2AD00D35A7A /* Build configuration list for PBXProject "UTubeVue" */;
			compatibilityVersion = "Xcode 9.3";
			developmentRegion = en;
			hasScannedForEncodings = 0;
			knownRegions = (
				en,
				Base,
			);
			mainGroup = 88B7522925FEC2AD00D35A7A;
			productRefGroup = 88B7523325FEC2AD00D35A7A /* Products */;
			projectDirPath = "";
			projectRoot = "";
			targets = (
				88B7523125FEC2AD00D35A7A /* UTubeVue */,
			);
		};
/* End PBXProject section */

/* Begin PBXResourcesBuildPhase section */
		88B7523025FEC2AD00D35A7A /* Resources */ = {
			isa = PBXResourcesBuildPhase;
			buildActionMask = 2147483647;
			files = (
				88B7524225FEC2AF00D35A7A /* LaunchScreen.storyboard in Resources */,
				88B7523F25FEC2AF00D35A7A /* Assets.xcassets in Resources */,
				88B7523D25FEC2AE00D35A7A /* Main.storyboard in Resources */,
			);
			runOnlyForDeploymentPostprocessing = 0;
		};
/* End PBXResourcesBuildPhase section */

/* Begin PBXSourcesBuildPhase section */
		88B7522E25FEC2AD00D35A7A /* Sources */ = {
			isa = PBXSourcesBuildPhase;
			buildActionMask = 2147483647;
			files = (
				88B752682600538000D35A7A /* DetailViewController.swift in Sources */,
				88B7525925FFDFAB00D35A7A /* VideoApiResponse.swift in Sources */,
				88B7525425FFD36300D35A7A /* ConstantsTemplate.swift in Sources */,
				88B7523A25FEC2AE00D35A7A /* ViewController.swift in Sources */,
				88B752A526011E9E00D35A7A /* ThumbnailCacheController.swift in Sources */,
				88B7529F2601118000D35A7A /* ThumbnailCache+CoreDataProperties.swift in Sources */,
				88B7529E2601118000D35A7A /* ThumbnailCache+CoreDataClass.swift in Sources */,
				88B7525125FFB09A00D35A7A /* VideoModel.swift in Sources */,
				88B7523625FEC2AE00D35A7A /* AppDelegate.swift in Sources */,
				88B7523825FEC2AE00D35A7A /* SceneDelegate.swift in Sources */,
				88B7524B25FFAD6800D35A7A /* Constants.swift in Sources */,
				88B7526B260059C600D35A7A /* DateTimeUtil.swift in Sources */,
				88B75275260107B900D35A7A /* DataModel.xcdatamodeld in Sources */,
				88B7524E25FFB01600D35A7A /* Video.swift in Sources */,
				88B7525D25FFEEDF00D35A7A /* VideoTableViewCell.swift in Sources */,
			);
			runOnlyForDeploymentPostprocessing = 0;
		};
/* End PBXSourcesBuildPhase section */

/* Begin PBXVariantGroup section */
		88B7523B25FEC2AE00D35A7A /* Main.storyboard */ = {
			isa = PBXVariantGroup;
			children = (
				88B7523C25FEC2AE00D35A7A /* Base */,
			);
			name = Main.storyboard;
			sourceTree = "<group>";
		};
		88B7524025FEC2AF00D35A7A /* LaunchScreen.storyboard */ = {
			isa = PBXVariantGroup;
			children = (
				88B7524125FEC2AF00D35A7A /* Base */,
			);
			name = LaunchScreen.storyboard;
			sourceTree = "<group>";
		};
/* End PBXVariantGroup section */

/* Begin XCBuildConfiguration section */
		88B7524425FEC2AF00D35A7A /* Debug */ = {
			isa = XCBuildConfiguration;
			buildSettings = {
				ALWAYS_SEARCH_USER_PATHS = NO;
				CLANG_ANALYZER_NONNULL = YES;
				CLANG_ANALYZER_NUMBER_OBJECT_CONVERSION = YES_AGGRESSIVE;
				CLANG_CXX_LANGUAGE_STANDARD = "gnu++14";
				CLANG_CXX_LIBRARY = "libc++";
				CLANG_ENABLE_MODULES = YES;
				CLANG_ENABLE_OBJC_ARC = YES;
				CLANG_ENABLE_OBJC_WEAK = YES;
				CLANG_WARN_BLOCK_CAPTURE_AUTORELEASING = YES;
				CLANG_WARN_BOOL_CONVERSION = YES;
				CLANG_WARN_COMMA = YES;
				CLANG_WARN_CONSTANT_CONVERSION = YES;
				CLANG_WARN_DEPRECATED_OBJC_IMPLEMENTATIONS = YES;
				CLANG_WARN_DIRECT_OBJC_ISA_USAGE = YES_ERROR;
				CLANG_WARN_DOCUMENTATION_COMMENTS = YES;
				CLANG_WARN_EMPTY_BODY = YES;
				CLANG_WARN_ENUM_CONVERSION = YES;
				CLANG_WARN_INFINITE_RECURSION = YES;
				CLANG_WARN_INT_CONVERSION = YES;
				CLANG_WARN_NON_LITERAL_NULL_CONVERSION = YES;
				CLANG_WARN_OBJC_IMPLICIT_RETAIN_SELF = YES;
				CLANG_WARN_OBJC_LITERAL_CONVERSION = YES;
				CLANG_WARN_OBJC_ROOT_CLASS = YES_ERROR;
				CLANG_WARN_QUOTED_INCLUDE_IN_FRAMEWORK_HEADER = YES;
				CLANG_WARN_RANGE_LOOP_ANALYSIS = YES;
				CLANG_WARN_STRICT_PROTOTYPES = YES;
				CLANG_WARN_SUSPICIOUS_MOVE = YES;
				CLANG_WARN_UNGUARDED_AVAILABILITY = YES_AGGRESSIVE;
				CLANG_WARN_UNREACHABLE_CODE = YES;
				CLANG_WARN__DUPLICATE_METHOD_MATCH = YES;
				COPY_PHASE_STRIP = NO;
				DEBUG_INFORMATION_FORMAT = dwarf;
				ENABLE_STRICT_OBJC_MSGSEND = YES;
				ENABLE_TESTABILITY = YES;
				GCC_C_LANGUAGE_STANDARD = gnu11;
				GCC_DYNAMIC_NO_PIC = NO;
				GCC_NO_COMMON_BLOCKS = YES;
				GCC_OPTIMIZATION_LEVEL = 0;
				GCC_PREPROCESSOR_DEFINITIONS = (
					"DEBUG=1",
					"$(inherited)",
				);
				GCC_WARN_64_TO_32_BIT_CONVERSION = YES;
				GCC_WARN_ABOUT_RETURN_TYPE = YES_ERROR;
				GCC_WARN_UNDECLARED_SELECTOR = YES;
				GCC_WARN_UNINITIALIZED_AUTOS = YES_AGGRESSIVE;
				GCC_WARN_UNUSED_FUNCTION = YES;
				GCC_WARN_UNUSED_VARIABLE = YES;
				IPHONEOS_DEPLOYMENT_TARGET = 14.4;
				MTL_ENABLE_DEBUG_INFO = INCLUDE_SOURCE;
				MTL_FAST_MATH = YES;
				ONLY_ACTIVE_ARCH = YES;
				SDKROOT = iphoneos;
				SWIFT_ACTIVE_COMPILATION_CONDITIONS = DEBUG;
				SWIFT_OPTIMIZATION_LEVEL = "-Onone";
			};
			name = Debug;
		};
		88B7524525FEC2AF00D35A7A /* Release */ = {
			isa = XCBuildConfiguration;
			buildSettings = {
				ALWAYS_SEARCH_USER_PATHS = NO;
				CLANG_ANALYZER_NONNULL = YES;
				CLANG_ANALYZER_NUMBER_OBJECT_CONVERSION = YES_AGGRESSIVE;
				CLANG_CXX_LANGUAGE_STANDARD = "gnu++14";
				CLANG_CXX_LIBRARY = "libc++";
				CLANG_ENABLE_MODULES = YES;
				CLANG_ENABLE_OBJC_ARC = YES;
				CLANG_ENABLE_OBJC_WEAK = YES;
				CLANG_WARN_BLOCK_CAPTURE_AUTORELEASING = YES;
				CLANG_WARN_BOOL_CONVERSION = YES;
				CLANG_WARN_COMMA = YES;
				CLANG_WARN_CONSTANT_CONVERSION = YES;
				CLANG_WARN_DEPRECATED_OBJC_IMPLEMENTATIONS = YES;
				CLANG_WARN_DIRECT_OBJC_ISA_USAGE = YES_ERROR;
				CLANG_WARN_DOCUMENTATION_COMMENTS = YES;
				CLANG_WARN_EMPTY_BODY = YES;
				CLANG_WARN_ENUM_CONVERSION = YES;
				CLANG_WARN_INFINITE_RECURSION = YES;
				CLANG_WARN_INT_CONVERSION = YES;
				CLANG_WARN_NON_LITERAL_NULL_CONVERSION = YES;
				CLANG_WARN_OBJC_IMPLICIT_RETAIN_SELF = YES;
				CLANG_WARN_OBJC_LITERAL_CONVERSION = YES;
				CLANG_WARN_OBJC_ROOT_CLASS = YES_ERROR;
				CLANG_WARN_QUOTED_INCLUDE_IN_FRAMEWORK_HEADER = YES;
				CLANG_WARN_RANGE_LOOP_ANALYSIS = YES;
				CLANG_WARN_STRICT_PROTOTYPES = YES;
				CLANG_WARN_SUSPICIOUS_MOVE = YES;
				CLANG_WARN_UNGUARDED_AVAILABILITY = YES_AGGRESSIVE;
				CLANG_WARN_UNREACHABLE_CODE = YES;
				CLANG_WARN__DUPLICATE_METHOD_MATCH = YES;
				COPY_PHASE_STRIP = NO;
				DEBUG_INFORMATION_FORMAT = "dwarf-with-dsym";
				ENABLE_NS_ASSERTIONS = NO;
				ENABLE_STRICT_OBJC_MSGSEND = YES;
				GCC_C_LANGUAGE_STANDARD = gnu11;
				GCC_NO_COMMON_BLOCKS = YES;
				GCC_WARN_64_TO_32_BIT_CONVERSION = YES;
				GCC_WARN_ABOUT_RETURN_TYPE = YES_ERROR;
				GCC_WARN_UNDECLARED_SELECTOR = YES;
				GCC_WARN_UNINITIALIZED_AUTOS = YES_AGGRESSIVE;
				GCC_WARN_UNUSED_FUNCTION = YES;
				GCC_WARN_UNUSED_VARIABLE = YES;
				IPHONEOS_DEPLOYMENT_TARGET = 14.4;
				MTL_ENABLE_DEBUG_INFO = NO;
				MTL_FAST_MATH = YES;
				SDKROOT = iphoneos;
				SWIFT_COMPILATION_MODE = wholemodule;
				SWIFT_OPTIMIZATION_LEVEL = "-O";
				VALIDATE_PRODUCT = YES;
			};
			name = Release;
		};
		88B7524725FEC2AF00D35A7A /* Debug */ = {
			isa = XCBuildConfiguration;
			buildSettings = {
				ASSETCATALOG_COMPILER_APPICON_NAME = AppIcon;
				ASSETCATALOG_COMPILER_GLOBAL_ACCENT_COLOR_NAME = AccentColor;
				CODE_SIGN_STYLE = Automatic;
				DEVELOPMENT_TEAM = XD433RKA75;
				INFOPLIST_FILE = UTubeVue/Info.plist;
				IPHONEOS_DEPLOYMENT_TARGET = 14.1;
				LD_RUNPATH_SEARCH_PATHS = (
					"$(inherited)",
					"@executable_path/Frameworks",
				);
				PRODUCT_BUNDLE_IDENTIFIER = com.qsyix.UTubeVue;
				PRODUCT_NAME = "$(TARGET_NAME)";
				SWIFT_VERSION = 5.0;
				TARGETED_DEVICE_FAMILY = "1,2";
			};
			name = Debug;
		};
		88B7524825FEC2AF00D35A7A /* Release */ = {
			isa = XCBuildConfiguration;
			buildSettings = {
				ASSETCATALOG_COMPILER_APPICON_NAME = AppIcon;
				ASSETCATALOG_COMPILER_GLOBAL_ACCENT_COLOR_NAME = AccentColor;
				CODE_SIGN_STYLE = Automatic;
				DEVELOPMENT_TEAM = XD433RKA75;
				INFOPLIST_FILE = UTubeVue/Info.plist;
				IPHONEOS_DEPLOYMENT_TARGET = 14.1;
				LD_RUNPATH_SEARCH_PATHS = (
					"$(inherited)",
					"@executable_path/Frameworks",
				);
				PRODUCT_BUNDLE_IDENTIFIER = com.qsyix.UTubeVue;
				PRODUCT_NAME = "$(TARGET_NAME)";
				SWIFT_VERSION = 5.0;
				TARGETED_DEVICE_FAMILY = "1,2";
			};
			name = Release;
		};
/* End XCBuildConfiguration section */

/* Begin XCConfigurationList section */
		88B7522D25FEC2AD00D35A7A /* Build configuration list for PBXProject "UTubeVue" */ = {
			isa = XCConfigurationList;
			buildConfigurations = (
				88B7524425FEC2AF00D35A7A /* Debug */,
				88B7524525FEC2AF00D35A7A /* Release */,
			);
			defaultConfigurationIsVisible = 0;
			defaultConfigurationName = Release;
		};
		88B7524625FEC2AF00D35A7A /* Build configuration list for PBXNativeTarget "UTubeVue" */ = {
			isa = XCConfigurationList;
			buildConfigurations = (
				88B7524725FEC2AF00D35A7A /* Debug */,
				88B7524825FEC2AF00D35A7A /* Release */,
			);
			defaultConfigurationIsVisible = 0;
			defaultConfigurationName = Release;
		};
/* End XCConfigurationList section */

/* Begin XCVersionGroup section */
		88B75273260107B900D35A7A /* DataModel.xcdatamodeld */ = {
			isa = XCVersionGroup;
			children = (
				88B75274260107B900D35A7A /* DataModel.xcdatamodel */,
			);
			currentVersion = 88B75274260107B900D35A7A /* DataModel.xcdatamodel */;
			path = DataModel.xcdatamodeld;
			sourceTree = "<group>";
			versionGroupType = wrapper.xcdatamodel;
		};
/* End XCVersionGroup section */
	};
	rootObject = 88B7522A25FEC2AD00D35A7A /* Project object */;
}
